
Microsoft Visual Studio Solution File, Format Version 12.00
# Visual Studio Version 16
VisualStudioVersion = 16.0.30503.244
MinimumVisualStudioVersion = 10.0.40219.1
Project("{8BC9CEB8-8B4A-11D0-8D11-00A0C91BC942}") = "DobuleBuffering", "DobuleBuffering\DobuleBuffering.vcxproj", "{2ABBD6E1-5188-49D3-8F1F-793A2B274891}"
EndProject
Global
	GlobalSection(SolutionConfigurationPlatforms) = preSolution
		Debug|x64 = Debug|x64
		Debug|x86 = Debug|x86
		Release|x64 = Release|x64
		Release|x86 = Release|x86
	EndGlobalSection
	GlobalSection(ProjectConfigurationPlatforms) = postSolution
		{2ABBD6E1-5188-49D3-8F1F-793A2B274891}.Debug|x64.ActiveCfg = Debug|x64
		{2ABBD6E1-5188-49D3-8F1F-793A2B274891}.Debug|x64.Build.0 = Debug|x64
		{2ABBD6E1-5188-49D3-8F1F-793A2B274891}.Debug|x86.ActiveCfg = Debug|Win32
		{2ABBD6E1-5188-49D3-8F1F-793A2B274891}.Debug|x86.Build.0 = Debug|Win32
		{2ABBD6E1-5188-49D3-8F1F-793A2B274891}.Release|x64.ActiveCfg = Release|x64
		{2ABBD6E1-5188-49D3-8F1F-793A2B274891}.Release|x64.Build.0 = Release|x64
		{2ABBD6E1-5188-49D3-8F1F-793A2B274891}.Release|x86.ActiveCfg = Release|Win32
		{2ABBD6E1-5188-49D3-8F1F-793A2B274891}.Release|x86.Build.0 = Release|Win32
	EndGlobalSection
	GlobalSection(SolutionProperties) = preSolution
		HideSolutionNode = FALSE
	EndGlobalSection
	GlobalSection(ExtensibilityGlobals) = postSolution
		SolutionGuid = {39CFCBD7-702E-46E7-ADFC-30ED6841C9BF}
	EndGlobalSection
EndGlobal
